// !$*UTF8*$!
{
	archiveVersion = 1;
	classes = {
	};
	objectVersion = 51;
	objects = {

/* Begin PBXBuildFile section */
		1605E04423648F75002E073A /* AppDelegate.swift in Sources */ = {isa = PBXBuildFile; fileRef = 1605E04323648F75002E073A /* AppDelegate.swift */; };
		1605E04623648F75002E073A /* ViewController.swift in Sources */ = {isa = PBXBuildFile; fileRef = 1605E04523648F75002E073A /* ViewController.swift */; };
		1605E04923648F75002E073A /* Main.storyboard in Resources */ = {isa = PBXBuildFile; fileRef = 1605E04723648F75002E073A /* Main.storyboard */; };
		1605E04B23648F77002E073A /* Assets.xcassets in Resources */ = {isa = PBXBuildFile; fileRef = 1605E04A23648F77002E073A /* Assets.xcassets */; };
		1605E05923648F77002E073A /* yhack2019Tests.swift in Sources */ = {isa = PBXBuildFile; fileRef = 1605E05823648F77002E073A /* yhack2019Tests.swift */; };
		165496AF23651F4600276281 /* GoogleService-Info.plist in Resources */ = {isa = PBXBuildFile; fileRef = 165496AE23651F4600276281 /* GoogleService-Info.plist */; };
		165496BC2365641800276281 /* ViewController2.swift in Sources */ = {isa = PBXBuildFile; fileRef = 165496BB2365641800276281 /* ViewController2.swift */; };
		2CB56802D7BDAA77C5DF7B15 /* Pods_yhack2019Tests.framework in Frameworks */ = {isa = PBXBuildFile; fileRef = 16D009557A42BCCA26B430BB /* Pods_yhack2019Tests.framework */; };
		75DF6B7BDB0BAC405DB30F13 /* Pods_yhack2019.framework in Frameworks */ = {isa = PBXBuildFile; fileRef = 3F9F6826DB61A2338B45DF36 /* Pods_yhack2019.framework */; };
/* End PBXBuildFile section */

/* Begin PBXContainerItemProxy section */
		1605E05523648F77002E073A /* PBXContainerItemProxy */ = {
			isa = PBXContainerItemProxy;
			containerPortal = 1605E03823648F75002E073A /* Project object */;
			proxyType = 1;
			remoteGlobalIDString = 1605E03F23648F75002E073A;
			remoteInfo = yhack2019;
		};
/* End PBXContainerItemProxy section */

/* Begin PBXFileReference section */
		1605E04023648F75002E073A /* yhack2019.app */ = {isa = PBXFileReference; explicitFileType = wrapper.application; includeInIndex = 0; path = yhack2019.app; sourceTree = BUILT_PRODUCTS_DIR; };
		1605E04323648F75002E073A /* AppDelegate.swift */ = {isa = PBXFileReference; lastKnownFileType = sourcecode.swift; path = AppDelegate.swift; sourceTree = "<group>"; };
		1605E04523648F75002E073A /* ViewController.swift */ = {isa = PBXFileReference; lastKnownFileType = sourcecode.swift; path = ViewController.swift; sourceTree = "<group>"; };
		1605E04823648F75002E073A /* Base */ = {isa = PBXFileReference; lastKnownFileType = file.storyboard; name = Base; path = Base.lproj/Main.storyboard; sourceTree = "<group>"; };
		1605E04A23648F77002E073A /* Assets.xcassets */ = {isa = PBXFileReference; lastKnownFileType = folder.assetcatalog; path = Assets.xcassets; sourceTree = "<group>"; };
		1605E04F23648F77002E073A /* Info.plist */ = {isa = PBXFileReference; lastKnownFileType = text.plist.xml; path = Info.plist; sourceTree = "<group>"; };
		1605E05423648F77002E073A /* yhack2019Tests.xctest */ = {isa = PBXFileReference; explicitFileType = wrapper.cfbundle; includeInIndex = 0; path = yhack2019Tests.xctest; sourceTree = BUILT_PRODUCTS_DIR; };
		1605E05823648F77002E073A /* yhack2019Tests.swift */ = {isa = PBXFileReference; lastKnownFileType = sourcecode.swift; path = yhack2019Tests.swift; sourceTree = "<group>"; };
		1605E05A23648F77002E073A /* Info.plist */ = {isa = PBXFileReference; lastKnownFileType = text.plist.xml; path = Info.plist; sourceTree = "<group>"; };
		165496AE23651F4600276281 /* GoogleService-Info.plist */ = {isa = PBXFileReference; fileEncoding = 4; lastKnownFileType = text.plist.xml; name = "GoogleService-Info.plist"; path = "../../../../Downloads/GoogleService-Info.plist"; sourceTree = "<group>"; };
		165496BB2365641800276281 /* ViewController2.swift */ = {isa = PBXFileReference; lastKnownFileType = sourcecode.swift; path = ViewController2.swift; sourceTree = "<group>"; };
		16D009557A42BCCA26B430BB /* Pods_yhack2019Tests.framework */ = {isa = PBXFileReference; explicitFileType = wrapper.framework; includeInIndex = 0; path = Pods_yhack2019Tests.framework; sourceTree = BUILT_PRODUCTS_DIR; };
		3F9F6826DB61A2338B45DF36 /* Pods_yhack2019.framework */ = {isa = PBXFileReference; explicitFileType = wrapper.framework; includeInIndex = 0; path = Pods_yhack2019.framework; sourceTree = BUILT_PRODUCTS_DIR; };
		5A733D4A796728368A4768C9 /* Pods-yhack2019Tests.release.xcconfig */ = {isa = PBXFileReference; includeInIndex = 1; lastKnownFileType = text.xcconfig; name = "Pods-yhack2019Tests.release.xcconfig"; path = "Target Support Files/Pods-yhack2019Tests/Pods-yhack2019Tests.release.xcconfig"; sourceTree = "<group>"; };
		60733908418DEF5F1FBBE745 /* Pods-yhack2019Tests.debug.xcconfig */ = {isa = PBXFileReference; includeInIndex = 1; lastKnownFileType = text.xcconfig; name = "Pods-yhack2019Tests.debug.xcconfig"; path = "Target Support Files/Pods-yhack2019Tests/Pods-yhack2019Tests.debug.xcconfig"; sourceTree = "<group>"; };
		9C96E5678CD2B85164D8D931 /* Pods-yhack2019.release.xcconfig */ = {isa = PBXFileReference; includeInIndex = 1; lastKnownFileType = text.xcconfig; name = "Pods-yhack2019.release.xcconfig"; path = "Target Support Files/Pods-yhack2019/Pods-yhack2019.release.xcconfig"; sourceTree = "<group>"; };
		AD949FDC27999CBB35E6535A /* Pods-yhack2019.debug.xcconfig */ = {isa = PBXFileReference; includeInIndex = 1; lastKnownFileType = text.xcconfig; name = "Pods-yhack2019.debug.xcconfig"; path = "Target Support Files/Pods-yhack2019/Pods-yhack2019.debug.xcconfig"; sourceTree = "<group>"; };
/* End PBXFileReference section */

/* Begin PBXFrameworksBuildPhase section */
		1605E03D23648F75002E073A /* Frameworks */ = {
			isa = PBXFrameworksBuildPhase;
			buildActionMask = 2147483647;
			files = (
				75DF6B7BDB0BAC405DB30F13 /* Pods_yhack2019.framework in Frameworks */,
			);
			runOnlyForDeploymentPostprocessing = 0;
		};
		1605E05123648F77002E073A /* Frameworks */ = {
			isa = PBXFrameworksBuildPhase;
			buildActionMask = 2147483647;
			files = (
				2CB56802D7BDAA77C5DF7B15 /* Pods_yhack2019Tests.framework in Frameworks */,
			);
			runOnlyForDeploymentPostprocessing = 0;
		};
/* End PBXFrameworksBuildPhase section */

/* Begin PBXGroup section */
		1605E03723648F75002E073A = {
			isa = PBXGroup;
			children = (
				1605E04223648F75002E073A /* yhack2019 */,
				1605E05723648F77002E073A /* yhack2019Tests */,
				1605E04123648F75002E073A /* Products */,
				36686C763CBEBD1B066F4947 /* Pods */,
				6326247A21D4BAC510D47ADB /* Frameworks */,
			);
			sourceTree = "<group>";
		};
		1605E04123648F75002E073A /* Products */ = {
			isa = PBXGroup;
			children = (
				1605E04023648F75002E073A /* yhack2019.app */,
				1605E05423648F77002E073A /* yhack2019Tests.xctest */,
			);
			name = Products;
			sourceTree = "<group>";
		};
		1605E04223648F75002E073A /* yhack2019 */ = {
			isa = PBXGroup;
			children = (
				1605E04323648F75002E073A /* AppDelegate.swift */,
				1605E04523648F75002E073A /* ViewController.swift */,
				1605E04723648F75002E073A /* Main.storyboard */,
				165496BB2365641800276281 /* ViewController2.swift */,
				1605E04A23648F77002E073A /* Assets.xcassets */,
				165496AE23651F4600276281 /* GoogleService-Info.plist */,
				1605E04F23648F77002E073A /* Info.plist */,
			);
			path = yhack2019;
			sourceTree = "<group>";
		};
		1605E05723648F77002E073A /* yhack2019Tests */ = {
			isa = PBXGroup;
			children = (
				1605E05823648F77002E073A /* yhack2019Tests.swift */,
				1605E05A23648F77002E073A /* Info.plist */,
			);
			path = yhack2019Tests;
			sourceTree = "<group>";
		};
		36686C763CBEBD1B066F4947 /* Pods */ = {
			isa = PBXGroup;
			children = (
				AD949FDC27999CBB35E6535A /* Pods-yhack2019.debug.xcconfig */,
				9C96E5678CD2B85164D8D931 /* Pods-yhack2019.release.xcconfig */,
				60733908418DEF5F1FBBE745 /* Pods-yhack2019Tests.debug.xcconfig */,
				5A733D4A796728368A4768C9 /* Pods-yhack2019Tests.release.xcconfig */,
			);
			path = Pods;
			sourceTree = "<group>";
		};
		6326247A21D4BAC510D47ADB /* Frameworks */ = {
			isa = PBXGroup;
			children = (
				3F9F6826DB61A2338B45DF36 /* Pods_yhack2019.framework */,
				16D009557A42BCCA26B430BB /* Pods_yhack2019Tests.framework */,
			);
			name = Frameworks;
			sourceTree = "<group>";
		};
/* End PBXGroup section */

/* Begin PBXNativeTarget section */
		1605E03F23648F75002E073A /* yhack2019 */ = {
			isa = PBXNativeTarget;
			buildConfigurationList = 1605E05D23648F77002E073A /* Build configuration list for PBXNativeTarget "yhack2019" */;
			buildPhases = (
				8BCCD5FECCAC4B8166C0BB84 /* [CP] Check Pods Manifest.lock */,
				1605E03C23648F75002E073A /* Sources */,
				1605E03D23648F75002E073A /* Frameworks */,
				1605E03E23648F75002E073A /* Resources */,
				606B4811A058EEBFB94DBF44 /* [CP] Embed Pods Frameworks */,
			);
			buildRules = (
			);
			dependencies = (
			);
			name = yhack2019;
			productName = yhack2019;
			productReference = 1605E04023648F75002E073A /* yhack2019.app */;
			productType = "com.apple.product-type.application";
		};
		1605E05323648F77002E073A /* yhack2019Tests */ = {
			isa = PBXNativeTarget;
			buildConfigurationList = 1605E06023648F77002E073A /* Build configuration list for PBXNativeTarget "yhack2019Tests" */;
			buildPhases = (
				156DFF6B5FF4ED8370DBEE70 /* [CP] Check Pods Manifest.lock */,
				1605E05023648F77002E073A /* Sources */,
				1605E05123648F77002E073A /* Frameworks */,
				1605E05223648F77002E073A /* Resources */,
			);
			buildRules = (
			);
			dependencies = (
				1605E05623648F77002E073A /* PBXTargetDependency */,
			);
			name = yhack2019Tests;
			productName = yhack2019Tests;
			productReference = 1605E05423648F77002E073A /* yhack2019Tests.xctest */;
			productType = "com.apple.product-type.bundle.unit-test";
		};
/* End PBXNativeTarget section */

/* Begin PBXProject section */
		1605E03823648F75002E073A /* Project object */ = {
			isa = PBXProject;
			attributes = {
				LastSwiftUpdateCheck = 1010;
				LastUpgradeCheck = 1010;
				ORGANIZATIONNAME = rawe;
				TargetAttributes = {
					1605E03F23648F75002E073A = {
						CreatedOnToolsVersion = 10.1;
					};
					1605E05323648F77002E073A = {
						CreatedOnToolsVersion = 10.1;
						TestTargetID = 1605E03F23648F75002E073A;
					};
				};
			};
			buildConfigurationList = 1605E03B23648F75002E073A /* Build configuration list for PBXProject "yhack2019" */;
			compatibilityVersion = "Xcode 9.3";
			developmentRegion = en;
			hasScannedForEncodings = 0;
			knownRegions = (
				en,
				Base,
			);
			mainGroup = 1605E03723648F75002E073A;
			productRefGroup = 1605E04123648F75002E073A /* Products */;
			projectDirPath = "";
			projectRoot = "";
			targets = (
				1605E03F23648F75002E073A /* yhack2019 */,
				1605E05323648F77002E073A /* yhack2019Tests */,
			);
		};
/* End PBXProject section */

/* Begin PBXResourcesBuildPhase section */
		1605E03E23648F75002E073A /* Resources */ = {
			isa = PBXResourcesBuildPhase;
			buildActionMask = 2147483647;
			files = (
				165496AF23651F4600276281 /* GoogleService-Info.plist in Resources */,
				1605E04B23648F77002E073A /* Assets.xcassets in Resources */,
				1605E04923648F75002E073A /* Main.storyboard in Resources */,
			);
			runOnlyForDeploymentPostprocessing = 0;
		};
		1605E05223648F77002E073A /* Resources */ = {
			isa = PBXResourcesBuildPhase;
			buildActionMask = 2147483647;
			files = (
			);
			runOnlyForDeploymentPostprocessing = 0;
		};
/* End PBXResourcesBuildPhase section */

/* Begin PBXShellScriptBuildPhase section */
		156DFF6B5FF4ED8370DBEE70 /* [CP] Check Pods Manifest.lock */ = {
			isa = PBXShellScriptBuildPhase;
			buildActionMask = 2147483647;
			files = (
			);
			inputFileListPaths = (
			);
			inputPaths = (
				"${PODS_PODFILE_DIR_PATH}/Podfile.lock",
				"${PODS_ROOT}/Manifest.lock",
			);
			name = "[CP] Check Pods Manifest.lock";
			outputFileListPaths = (
			);
			outputPaths = (
				"$(DERIVED_FILE_DIR)/Pods-yhack2019Tests-checkManifestLockResult.txt",
			);
			runOnlyForDeploymentPostprocessing = 0;
			shellPath = /bin/sh;
			shellScript = "diff \"${PODS_PODFILE_DIR_PATH}/Podfile.lock\" \"${PODS_ROOT}/Manifest.lock\" > /dev/null\nif [ $? != 0 ] ; then\n    # print error to STDERR\n    echo \"error: The sandbox is not in sync with the Podfile.lock. Run 'pod install' or update your CocoaPods installation.\" >&2\n    exit 1\nfi\n# This output is used by Xcode 'outputs' to avoid re-running this script phase.\necho \"SUCCESS\" > \"${SCRIPT_OUTPUT_FILE_0}\"\n";
			showEnvVarsInLog = 0;
		};
		606B4811A058EEBFB94DBF44 /* [CP] Embed Pods Frameworks */ = {
			isa = PBXShellScriptBuildPhase;
			buildActionMask = 2147483647;
			files = (
			);
			inputFileListPaths = (
				"${PODS_ROOT}/Target Support Files/Pods-yhack2019/Pods-yhack2019-frameworks-${CONFIGURATION}-input-files.xcfilelist",
			);
			name = "[CP] Embed Pods Frameworks";
			outputFileListPaths = (
				"${PODS_ROOT}/Target Support Files/Pods-yhack2019/Pods-yhack2019-frameworks-${CONFIGURATION}-output-files.xcfilelist",
			);
			runOnlyForDeploymentPostprocessing = 0;
			shellPath = /bin/sh;
			shellScript = "\"${PODS_ROOT}/Target Support Files/Pods-yhack2019/Pods-yhack2019-frameworks.sh\"\n";
			showEnvVarsInLog = 0;
		};
		8BCCD5FECCAC4B8166C0BB84 /* [CP] Check Pods Manifest.lock */ = {
			isa = PBXShellScriptBuildPhase;
			buildActionMask = 2147483647;
			files = (
			);
			inputFileListPaths = (
			);
			inputPaths = (
				"${PODS_PODFILE_DIR_PATH}/Podfile.lock",
				"${PODS_ROOT}/Manifest.lock",
			);
			name = "[CP] Check Pods Manifest.lock";
			outputFileListPaths = (
			);
			outputPaths = (
				"$(DERIVED_FILE_DIR)/Pods-yhack2019-checkManifestLockResult.txt",
			);
			runOnlyForDeploymentPostprocessing = 0;
			shellPath = /bin/sh;
			shellScript = "diff \"${PODS_PODFILE_DIR_PATH}/Podfile.lock\" \"${PODS_ROOT}/Manifest.lock\" > /dev/null\nif [ $? != 0 ] ; then\n    # print error to STDERR\n    echo \"error: The sandbox is not in sync with the Podfile.lock. Run 'pod install' or update your CocoaPods installation.\" >&2\n    exit 1\nfi\n# This output is used by Xcode 'outputs' to avoid re-running this script phase.\necho \"SUCCESS\" > \"${SCRIPT_OUTPUT_FILE_0}\"\n";
			showEnvVarsInLog = 0;
		};
/* End PBXShellScriptBuildPhase section */

/* Begin PBXSourcesBuildPhase section */
		1605E03C23648F75002E073A /* Sources */ = {
			isa = PBXSourcesBuildPhase;
			buildActionMask = 2147483647;
			files = (
				165496BC2365641800276281 /* ViewController2.swift in Sources */,
				1605E04623648F75002E073A /* ViewController.swift in Sources */,
				1605E04423648F75002E073A /* AppDelegate.swift in Sources */,
			);
			runOnlyForDeploymentPostprocessing = 0;
		};
		1605E05023648F77002E073A /* Sources */ = {
			isa = PBXSourcesBuildPhase;
			buildActionMask = 2147483647;
			files = (
				1605E05923648F77002E073A /* yhack2019Tests.swift in Sources */,
			);
			runOnlyForDeploymentPostprocessing = 0;
		};
/* End PBXSourcesBuildPhase section */

/* Begin PBXTargetDependency section */
		1605E05623648F77002E073A /* PBXTargetDependency */ = {
			isa = PBXTargetDependency;
			target = 1605E03F23648F75002E073A /* yhack2019 */;
			targetProxy = 1605E05523648F77002E073A /* PBXContainerItemProxy */;
		};
/* End PBXTargetDependency section */

/* Begin PBXVariantGroup section */
		1605E04723648F75002E073A /* Main.storyboard */ = {
			isa = PBXVariantGroup;
			children = (
				1605E04823648F75002E073A /* Base */,
			);
			name = Main.storyboard;
			sourceTree = "<group>";
		};
/* End PBXVariantGroup section */

/* Begin XCBuildConfiguration section */
		1605E05B23648F77002E073A /* Debug */ = {
			isa = XCBuildConfiguration;
			buildSettings = {
				ALWAYS_SEARCH_USER_PATHS = NO;
				CLANG_ANALYZER_NONNULL = YES;
				CLANG_ANALYZER_NUMBER_OBJECT_CONVERSION = YES_AGGRESSIVE;
				CLANG_CXX_LANGUAGE_STANDARD = "gnu++14";
				CLANG_CXX_LIBRARY = "libc++";
				CLANG_ENABLE_MODULES = YES;
				CLANG_ENABLE_OBJC_ARC = YES;
				CLANG_ENABLE_OBJC_WEAK = YES;
				CLANG_WARN_BLOCK_CAPTURE_AUTORELEASING = YES;
				CLANG_WARN_BOOL_CONVERSION = YES;
				CLANG_WARN_COMMA = YES;
				CLANG_WARN_CONSTANT_CONVERSION = YES;
				CLANG_WARN_DEPRECATED_OBJC_IMPLEMENTATIONS = YES;
				CLANG_WARN_DIRECT_OBJC_ISA_USAGE = YES_ERROR;
				CLANG_WARN_DOCUMENTATION_COMMENTS = YES;
				CLANG_WARN_EMPTY_BODY = YES;
				CLANG_WARN_ENUM_CONVERSION = YES;
				CLANG_WARN_INFINITE_RECURSION = YES;
				CLANG_WARN_INT_CONVERSION = YES;
				CLANG_WARN_NON_LITERAL_NULL_CONVERSION = YES;
				CLANG_WARN_OBJC_IMPLICIT_RETAIN_SELF = YES;
				CLANG_WARN_OBJC_LITERAL_CONVERSION = YES;
				CLANG_WARN_OBJC_ROOT_CLASS = YES_ERROR;
				CLANG_WARN_RANGE_LOOP_ANALYSIS = YES;
				CLANG_WARN_STRICT_PROTOTYPES = YES;
				CLANG_WARN_SUSPICIOUS_MOVE = YES;
				CLANG_WARN_UNGUARDED_AVAILABILITY = YES_AGGRESSIVE;
				CLANG_WARN_UNREACHABLE_CODE = YES;
				CLANG_WARN__DUPLICATE_METHOD_MATCH = YES;
				CODE_SIGN_IDENTITY = "iPhone Developer";
				COPY_PHASE_STRIP = NO;
				DEBUG_INFORMATION_FORMAT = dwarf;
				ENABLE_STRICT_OBJC_MSGSEND = YES;
				ENABLE_TESTABILITY = YES;
				GCC_C_LANGUAGE_STANDARD = gnu11;
				GCC_DYNAMIC_NO_PIC = NO;
				GCC_NO_COMMON_BLOCKS = YES;
				GCC_OPTIMIZATION_LEVEL = 0;
				GCC_PREPROCESSOR_DEFINITIONS = (
					"DEBUG=1",
					"$(inherited)",
				);
				GCC_WARN_64_TO_32_BIT_CONVERSION = YES;
				GCC_WARN_ABOUT_RETURN_TYPE = YES_ERROR;
				GCC_WARN_UNDECLARED_SELECTOR = YES;
				GCC_WARN_UNINITIALIZED_AUTOS = YES_AGGRESSIVE;
				GCC_WARN_UNUSED_FUNCTION = YES;
				GCC_WARN_UNUSED_VARIABLE = YES;
				IPHONEOS_DEPLOYMENT_TARGET = 12.1;
				MTL_ENABLE_DEBUG_INFO = INCLUDE_SOURCE;
				MTL_FAST_MATH = YES;
				ONLY_ACTIVE_ARCH = YES;
				SDKROOT = iphoneos;
				SWIFT_ACTIVE_COMPILATION_CONDITIONS = DEBUG;
				SWIFT_OPTIMIZATION_LEVEL = "-Onone";
			};
			name = Debug;
		};
		1605E05C23648F77002E073A /* Release */ = {
			isa = XCBuildConfiguration;
			buildSettings = {
				ALWAYS_SEARCH_USER_PATHS = NO;
				CLANG_ANALYZER_NONNULL = YES;
				CLANG_ANALYZER_NUMBER_OBJECT_CONVERSION = YES_AGGRESSIVE;
				CLANG_CXX_LANGUAGE_STANDARD = "gnu++14";
				CLANG_CXX_LIBRARY = "libc++";
				CLANG_ENABLE_MODULES = YES;
				CLANG_ENABLE_OBJC_ARC = YES;
				CLANG_ENABLE_OBJC_WEAK = YES;
				CLANG_WARN_BLOCK_CAPTURE_AUTORELEASING = YES;
				CLANG_WARN_BOOL_CONVERSION = YES;
				CLANG_WARN_COMMA = YES;
				CLANG_WARN_CONSTANT_CONVERSION = YES;
				CLANG_WARN_DEPRECATED_OBJC_IMPLEMENTATIONS = YES;
				CLANG_WARN_DIRECT_OBJC_ISA_USAGE = YES_ERROR;
				CLANG_WARN_DOCUMENTATION_COMMENTS = YES;
				CLANG_WARN_EMPTY_BODY = YES;
				CLANG_WARN_ENUM_CONVERSION = YES;
				CLANG_WARN_INFINITE_RECURSION = YES;
				CLANG_WARN_INT_CONVERSION = YES;
				CLANG_WARN_NON_LITERAL_NULL_CONVERSION = YES;
				CLANG_WARN_OBJC_IMPLICIT_RETAIN_SELF = YES;
				CLANG_WARN_OBJC_LITERAL_CONVERSION = YES;
				CLANG_WARN_OBJC_ROOT_CLASS = YES_ERROR;
				CLANG_WARN_RANGE_LOOP_ANALYSIS = YES;
				CLANG_WARN_STRICT_PROTOTYPES = YES;
				CLANG_WARN_SUSPICIOUS_MOVE = YES;
				CLANG_WARN_UNGUARDED_AVAILABILITY = YES_AGGRESSIVE;
				CLANG_WARN_UNREACHABLE_CODE = YES;
				CLANG_WARN__DUPLICATE_METHOD_MATCH = YES;
				CODE_SIGN_IDENTITY = "iPhone Developer";
				COPY_PHASE_STRIP = NO;
				DEBUG_INFORMATION_FORMAT = "dwarf-with-dsym";
				ENABLE_NS_ASSERTIONS = NO;
				ENABLE_STRICT_OBJC_MSGSEND = YES;
				GCC_C_LANGUAGE_STANDARD = gnu11;
				GCC_NO_COMMON_BLOCKS = YES;
				GCC_WARN_64_TO_32_BIT_CONVERSION = YES;
				GCC_WARN_ABOUT_RETURN_TYPE = YES_ERROR;
				GCC_WARN_UNDECLARED_SELECTOR = YES;
				GCC_WARN_UNINITIALIZED_AUTOS = YES_AGGRESSIVE;
				GCC_WARN_UNUSED_FUNCTION = YES;
				GCC_WARN_UNUSED_VARIABLE = YES;
				IPHONEOS_DEPLOYMENT_TARGET = 12.1;
				MTL_ENABLE_DEBUG_INFO = NO;
				MTL_FAST_MATH = YES;
				SDKROOT = iphoneos;
				SWIFT_COMPILATION_MODE = wholemodule;
				SWIFT_OPTIMIZATION_LEVEL = "-O";
				VALIDATE_PRODUCT = YES;
			};
			name = Release;
		};
		1605E05E23648F77002E073A /* Debug */ = {
			isa = XCBuildConfiguration;
			baseConfigurationReference = AD949FDC27999CBB35E6535A /* Pods-yhack2019.debug.xcconfig */;
			buildSettings = {
				ASSETCATALOG_COMPILER_APPICON_NAME = AppIcon;
				CODE_SIGN_STYLE = Automatic;
				DEVELOPMENT_TEAM = P7XG25DKSV;
				INFOPLIST_FILE = yhack2019/Info.plist;
				LD_RUNPATH_SEARCH_PATHS = (
					"$(inherited)",
					"@executable_path/Frameworks",
				);
				PRODUCT_BUNDLE_IDENTIFIER = rawe.yhack2019;
				PRODUCT_NAME = "$(TARGET_NAME)";
				SWIFT_VERSION = 4.2;
				TARGETED_DEVICE_FAMILY = "1,2";
			};
			name = Debug;
		};
		1605E05F23648F77002E073A /* Release */ = {
			isa = XCBuildConfiguration;
			baseConfigurationReference = 9C96E5678CD2B85164D8D931 /* Pods-yhack2019.release.xcconfig */;
			buildSettings = {
				ASSETCATALOG_COMPILER_APPICON_NAME = AppIcon;
				CODE_SIGN_STYLE = Automatic;
				DEVELOPMENT_TEAM = P7XG25DKSV;
				INFOPLIST_FILE = yhack2019/Info.plist;
				LD_RUNPATH_SEARCH_PATHS = (
					"$(inherited)",
					"@executable_path/Frameworks",
				);
				PRODUCT_BUNDLE_IDENTIFIER = rawe.yhack2019;
				PRODUCT_NAME = "$(TARGET_NAME)";
				SWIFT_VERSION = 4.2;
				TARGETED_DEVICE_FAMILY = "1,2";
			};
			name = Release;
		};
		1605E06123648F77002E073A /* Debug */ = {
			isa = XCBuildConfiguration;
			baseConfigurationReference = 60733908418DEF5F1FBBE745 /* Pods-yhack2019Tests.debug.xcconfig */;
			buildSettings = {
				ALWAYS_EMBED_SWIFT_STANDARD_LIBRARIES = YES;
				BUNDLE_LOADER = "$(TEST_HOST)";
				CODE_SIGN_STYLE = Automatic;
				INFOPLIST_FILE = yhack2019Tests/Info.plist;
				LD_RUNPATH_SEARCH_PATHS = (
					"$(inherited)",
					"@executable_path/Frameworks",
					"@loader_path/Frameworks",
				);
				PRODUCT_BUNDLE_IDENTIFIER = rawe.yhack2019Tests;
				PRODUCT_NAME = "$(TARGET_NAME)";
				SWIFT_VERSION = 4.2;
				TARGETED_DEVICE_FAMILY = "1,2";
				TEST_HOST = "$(BUILT_PRODUCTS_DIR)/yhack2019.app/yhack2019";
			};
			name = Debug;
		};
		1605E06223648F77002E073A /* Release */ = {
			isa = XCBuildConfiguration;
			baseConfigurationReference = 5A733D4A796728368A4768C9 /* Pods-yhack2019Tests.release.xcconfig */;
			buildSettings = {
				ALWAYS_EMBED_SWIFT_STANDARD_LIBRARIES = YES;
				BUNDLE_LOADER = "$(TEST_HOST)";
				CODE_SIGN_STYLE = Automatic;
				INFOPLIST_FILE = yhack2019Tests/Info.plist;
				LD_RUNPATH_SEARCH_PATHS = (
					"$(inherited)",
					"@executable_path/Frameworks",
					"@loader_path/Frameworks",
				);
				PRODUCT_BUNDLE_IDENTIFIER = rawe.yhack2019Tests;
				PRODUCT_NAME = "$(TARGET_NAME)";
				SWIFT_VERSION = 4.2;
				TARGETED_DEVICE_FAMILY = "1,2";
				TEST_HOST = "$(BUILT_PRODUCTS_DIR)/yhack2019.app/yhack2019";
			};
			name = Release;
		};
/* End XCBuildConfiguration section */

/* Begin XCConfigurationList section */
		1605E03B23648F75002E073A /* Build configuration list for PBXProject "yhack2019" */ = {
			isa = XCConfigurationList;
			buildConfigurations = (
				1605E05B23648F77002E073A /* Debug */,
				1605E05C23648F77002E073A /* Release */,
			);
			defaultConfigurationIsVisible = 0;
			defaultConfigurationName = Release;
		};
		1605E05D23648F77002E073A /* Build configuration list for PBXNativeTarget "yhack2019" */ = {
			isa = XCConfigurationList;
			buildConfigurations = (
				1605E05E23648F77002E073A /* Debug */,
				1605E05F23648F77002E073A /* Release */,
			);
			defaultConfigurationIsVisible = 0;
			defaultConfigurationName = Release;
		};
		1605E06023648F77002E073A /* Build configuration list for PBXNativeTarget "yhack2019Tests" */ = {
			isa = XCConfigurationList;
			buildConfigurations = (
				1605E06123648F77002E073A /* Debug */,
				1605E06223648F77002E073A /* Release */,
			);
			defaultConfigurationIsVisible = 0;
			defaultConfigurationName = Release;
		};
/* End XCConfigurationList section */
	};
	rootObject = 1605E03823648F75002E073A /* Project object */;
}
